// !$*UTF8*$!
{
	archiveVersion = 1;
	classes = {
	};
	objectVersion = 56;
	objects = {

/* Begin PBXBuildFile section */
		FFF448742A90379900069C06 /* AppDelegate.swift in Sources */ = {isa = PBXBuildFile; fileRef = FFF448732A90379900069C06 /* AppDelegate.swift */; };
		FFF4487D2A90379C00069C06 /* Assets.xcassets in Resources */ = {isa = PBXBuildFile; fileRef = FFF4487C2A90379C00069C06 /* Assets.xcassets */; };
		FFF448802A90379C00069C06 /* LaunchScreen.storyboard in Resources */ = {isa = PBXBuildFile; fileRef = FFF4487E2A90379C00069C06 /* LaunchScreen.storyboard */; };
		FFF4488A2A9037F500069C06 /* HomeViewController.swift in Sources */ = {isa = PBXBuildFile; fileRef = FFF448882A9037F500069C06 /* HomeViewController.swift */; };
		FFF4488B2A9037F500069C06 /* HomeViewController.xib in Resources */ = {isa = PBXBuildFile; fileRef = FFF448892A9037F500069C06 /* HomeViewController.xib */; };
		FFF448962A903A7F00069C06 /* kernal.metal in Sources */ = {isa = PBXBuildFile; fileRef = FFF448952A903A7F00069C06 /* kernal.metal */; };
		FFF448A72A90FA4300069C06 /* UIVIew+Extension.swift in Sources */ = {isa = PBXBuildFile; fileRef = FFF448A62A90FA4300069C06 /* UIVIew+Extension.swift */; };
		FFF448BA2A910FC300069C06 /* HomeTableViewCell.swift in Sources */ = {isa = PBXBuildFile; fileRef = FFF448B82A910FC300069C06 /* HomeTableViewCell.swift */; };
		FFF448BB2A910FC300069C06 /* HomeTableViewCell.xib in Resources */ = {isa = PBXBuildFile; fileRef = FFF448B92A910FC300069C06 /* HomeTableViewCell.xib */; };
		FFF44A192A92A48800069C06 /* FirstTaskViewModel.swift in Sources */ = {isa = PBXBuildFile; fileRef = FFF44A062A92A48800069C06 /* FirstTaskViewModel.swift */; };
		FFF44A1A2A92A48800069C06 /* FilterCollectionViewCell.swift in Sources */ = {isa = PBXBuildFile; fileRef = FFF44A082A92A48800069C06 /* FilterCollectionViewCell.swift */; };
		FFF44A1B2A92A48800069C06 /* FilterCollectionViewCell.xib in Resources */ = {isa = PBXBuildFile; fileRef = FFF44A092A92A48800069C06 /* FilterCollectionViewCell.xib */; };
		FFF44A1C2A92A48800069C06 /* CustomFilter.swift in Sources */ = {isa = PBXBuildFile; fileRef = FFF44A0C2A92A48800069C06 /* CustomFilter.swift */; };
		FFF44A1D2A92A48800069C06 /* GoldFilter.swift in Sources */ = {isa = PBXBuildFile; fileRef = FFF44A0D2A92A48800069C06 /* GoldFilter.swift */; };
		FFF44A1E2A92A48800069C06 /* CharFilter.swift in Sources */ = {isa = PBXBuildFile; fileRef = FFF44A0E2A92A48800069C06 /* CharFilter.swift */; };
		FFF44A1F2A92A48800069C06 /* DawnFilter.swift in Sources */ = {isa = PBXBuildFile; fileRef = FFF44A0F2A92A48800069C06 /* DawnFilter.swift */; };
		FFF44A202A92A48800069C06 /* WiilowFilter.swift in Sources */ = {isa = PBXBuildFile; fileRef = FFF44A102A92A48800069C06 /* WiilowFilter.swift */; };
		FFF44A212A92A48800069C06 /* AmaroFilter.swift in Sources */ = {isa = PBXBuildFile; fileRef = FFF44A112A92A48800069C06 /* AmaroFilter.swift */; };
		FFF44A222A92A48800069C06 /* StrategyPattern.swift in Sources */ = {isa = PBXBuildFile; fileRef = FFF44A122A92A48800069C06 /* StrategyPattern.swift */; };
		FFF44A232A92A48800069C06 /* FiltersModel.swift in Sources */ = {isa = PBXBuildFile; fileRef = FFF44A132A92A48800069C06 /* FiltersModel.swift */; };
		FFF44A242A92A48800069C06 /* FirstTaskViewController.xib in Resources */ = {isa = PBXBuildFile; fileRef = FFF44A152A92A48800069C06 /* FirstTaskViewController.xib */; };
		FFF44A252A92A48800069C06 /* FirstTaskViewController.swift in Sources */ = {isa = PBXBuildFile; fileRef = FFF44A162A92A48800069C06 /* FirstTaskViewController.swift */; };
		FFF44A262A92A48800069C06 /* CustomCIFilter.swift in Sources */ = {isa = PBXBuildFile; fileRef = FFF44A182A92A48800069C06 /* CustomCIFilter.swift */; };
		FFF44A282A92A4C100069C06 /* 33.jpg in Resources */ = {isa = PBXBuildFile; fileRef = FFF44A272A92A4C100069C06 /* 33.jpg */; };
		FFF44A362A92A85500069C06 /* ColorsCollectionViewDelegate.swift in Sources */ = {isa = PBXBuildFile; fileRef = FFF44A2C2A92A85500069C06 /* ColorsCollectionViewDelegate.swift */; };
		FFF44A372A92A85500069C06 /* ColorCollectionViewCell.xib in Resources */ = {isa = PBXBuildFile; fileRef = FFF44A2D2A92A85500069C06 /* ColorCollectionViewCell.xib */; };
		FFF44A382A92A85500069C06 /* ColorCollectionViewCell.swift in Sources */ = {isa = PBXBuildFile; fileRef = FFF44A2E2A92A85500069C06 /* ColorCollectionViewCell.swift */; };
		FFF44A392A92A85500069C06 /* Protocols.swift in Sources */ = {isa = PBXBuildFile; fileRef = FFF44A2F2A92A85500069C06 /* Protocols.swift */; };
		FFF44A3A2A92A85500069C06 /* PhotoEditor+Controls.swift in Sources */ = {isa = PBXBuildFile; fileRef = FFF44A312A92A85500069C06 /* PhotoEditor+Controls.swift */; };
		FFF44A3B2A92A85500069C06 /* PhotoEditorViewController.xib in Resources */ = {isa = PBXBuildFile; fileRef = FFF44A322A92A85500069C06 /* PhotoEditorViewController.xib */; };
		FFF44A3C2A92A85500069C06 /* PhotoEditor+UITextView.swift in Sources */ = {isa = PBXBuildFile; fileRef = FFF44A332A92A85500069C06 /* PhotoEditor+UITextView.swift */; };
		FFF44A3E2A92A85500069C06 /* PhotoEditorViewController.swift in Sources */ = {isa = PBXBuildFile; fileRef = FFF44A352A92A85500069C06 /* PhotoEditorViewController.swift */; };
		FFF44A422A92A85C00069C06 /* UploadImageViewController.xib in Resources */ = {isa = PBXBuildFile; fileRef = FFF44A402A92A85C00069C06 /* UploadImageViewController.xib */; };
		FFF44A432A92A85C00069C06 /* UploadImageViewController.swift in Sources */ = {isa = PBXBuildFile; fileRef = FFF44A412A92A85C00069C06 /* UploadImageViewController.swift */; };
		FFF44A462A92B80F00069C06 /* HomeModels.swift in Sources */ = {isa = PBXBuildFile; fileRef = FFF44A452A92B80F00069C06 /* HomeModels.swift */; };
		FFF44A482A92B86B00069C06 /* UIIMage+Extension.swift in Sources */ = {isa = PBXBuildFile; fileRef = FFF44A472A92B86B00069C06 /* UIIMage+Extension.swift */; };
/* End PBXBuildFile section */

/* Begin PBXFileReference section */
		FFF448702A90379900069C06 /* MyZestyTask.app */ = {isa = PBXFileReference; explicitFileType = wrapper.application; includeInIndex = 0; path = MyZestyTask.app; sourceTree = BUILT_PRODUCTS_DIR; };
		FFF448732A90379900069C06 /* AppDelegate.swift */ = {isa = PBXFileReference; lastKnownFileType = sourcecode.swift; path = AppDelegate.swift; sourceTree = "<group>"; };
		FFF4487C2A90379C00069C06 /* Assets.xcassets */ = {isa = PBXFileReference; lastKnownFileType = folder.assetcatalog; path = Assets.xcassets; sourceTree = "<group>"; };
		FFF4487F2A90379C00069C06 /* Base */ = {isa = PBXFileReference; lastKnownFileType = file.storyboard; name = Base; path = Base.lproj/LaunchScreen.storyboard; sourceTree = "<group>"; };
		FFF448812A90379C00069C06 /* Info.plist */ = {isa = PBXFileReference; lastKnownFileType = text.plist.xml; path = Info.plist; sourceTree = "<group>"; };
		FFF448882A9037F500069C06 /* HomeViewController.swift */ = {isa = PBXFileReference; lastKnownFileType = sourcecode.swift; path = HomeViewController.swift; sourceTree = "<group>"; };
		FFF448892A9037F500069C06 /* HomeViewController.xib */ = {isa = PBXFileReference; lastKnownFileType = file.xib; path = HomeViewController.xib; sourceTree = "<group>"; };
		FFF448952A903A7F00069C06 /* kernal.metal */ = {isa = PBXFileReference; lastKnownFileType = sourcecode.metal; path = kernal.metal; sourceTree = "<group>"; };
		FFF448A62A90FA4300069C06 /* UIVIew+Extension.swift */ = {isa = PBXFileReference; lastKnownFileType = sourcecode.swift; path = "UIVIew+Extension.swift"; sourceTree = "<group>"; };
		FFF448B82A910FC300069C06 /* HomeTableViewCell.swift */ = {isa = PBXFileReference; lastKnownFileType = sourcecode.swift; path = HomeTableViewCell.swift; sourceTree = "<group>"; };
		FFF448B92A910FC300069C06 /* HomeTableViewCell.xib */ = {isa = PBXFileReference; lastKnownFileType = file.xib; path = HomeTableViewCell.xib; sourceTree = "<group>"; };
		FFF44A062A92A48800069C06 /* FirstTaskViewModel.swift */ = {isa = PBXFileReference; fileEncoding = 4; lastKnownFileType = sourcecode.swift; path = FirstTaskViewModel.swift; sourceTree = "<group>"; };
		FFF44A082A92A48800069C06 /* FilterCollectionViewCell.swift */ = {isa = PBXFileReference; fileEncoding = 4; lastKnownFileType = sourcecode.swift; path = FilterCollectionViewCell.swift; sourceTree = "<group>"; };
		FFF44A092A92A48800069C06 /* FilterCollectionViewCell.xib */ = {isa = PBXFileReference; fileEncoding = 4; lastKnownFileType = file.xib; path = FilterCollectionViewCell.xib; sourceTree = "<group>"; };
		FFF44A0C2A92A48800069C06 /* CustomFilter.swift */ = {isa = PBXFileReference; fileEncoding = 4; lastKnownFileType = sourcecode.swift; path = CustomFilter.swift; sourceTree = "<group>"; };
		FFF44A0D2A92A48800069C06 /* GoldFilter.swift */ = {isa = PBXFileReference; fileEncoding = 4; lastKnownFileType = sourcecode.swift; path = GoldFilter.swift; sourceTree = "<group>"; };
		FFF44A0E2A92A48800069C06 /* CharFilter.swift */ = {isa = PBXFileReference; fileEncoding = 4; lastKnownFileType = sourcecode.swift; path = CharFilter.swift; sourceTree = "<group>"; };
		FFF44A0F2A92A48800069C06 /* DawnFilter.swift */ = {isa = PBXFileReference; fileEncoding = 4; lastKnownFileType = sourcecode.swift; path = DawnFilter.swift; sourceTree = "<group>"; };
		FFF44A102A92A48800069C06 /* WiilowFilter.swift */ = {isa = PBXFileReference; fileEncoding = 4; lastKnownFileType = sourcecode.swift; path = WiilowFilter.swift; sourceTree = "<group>"; };
		FFF44A112A92A48800069C06 /* AmaroFilter.swift */ = {isa = PBXFileReference; fileEncoding = 4; lastKnownFileType = sourcecode.swift; path = AmaroFilter.swift; sourceTree = "<group>"; };
		FFF44A122A92A48800069C06 /* StrategyPattern.swift */ = {isa = PBXFileReference; fileEncoding = 4; lastKnownFileType = sourcecode.swift; path = StrategyPattern.swift; sourceTree = "<group>"; };
		FFF44A132A92A48800069C06 /* FiltersModel.swift */ = {isa = PBXFileReference; fileEncoding = 4; lastKnownFileType = sourcecode.swift; path = FiltersModel.swift; sourceTree = "<group>"; };
		FFF44A152A92A48800069C06 /* FirstTaskViewController.xib */ = {isa = PBXFileReference; fileEncoding = 4; lastKnownFileType = file.xib; path = FirstTaskViewController.xib; sourceTree = "<group>"; };
		FFF44A162A92A48800069C06 /* FirstTaskViewController.swift */ = {isa = PBXFileReference; fileEncoding = 4; lastKnownFileType = sourcecode.swift; path = FirstTaskViewController.swift; sourceTree = "<group>"; };
		FFF44A182A92A48800069C06 /* CustomCIFilter.swift */ = {isa = PBXFileReference; fileEncoding = 4; lastKnownFileType = sourcecode.swift; path = CustomCIFilter.swift; sourceTree = "<group>"; };
		FFF44A272A92A4C100069C06 /* 33.jpg */ = {isa = PBXFileReference; lastKnownFileType = image.jpeg; path = 33.jpg; sourceTree = "<group>"; };
		FFF44A2C2A92A85500069C06 /* ColorsCollectionViewDelegate.swift */ = {isa = PBXFileReference; fileEncoding = 4; lastKnownFileType = sourcecode.swift; path = ColorsCollectionViewDelegate.swift; sourceTree = "<group>"; };
		FFF44A2D2A92A85500069C06 /* ColorCollectionViewCell.xib */ = {isa = PBXFileReference; fileEncoding = 4; lastKnownFileType = file.xib; path = ColorCollectionViewCell.xib; sourceTree = "<group>"; };
		FFF44A2E2A92A85500069C06 /* ColorCollectionViewCell.swift */ = {isa = PBXFileReference; fileEncoding = 4; lastKnownFileType = sourcecode.swift; path = ColorCollectionViewCell.swift; sourceTree = "<group>"; };
		FFF44A2F2A92A85500069C06 /* Protocols.swift */ = {isa = PBXFileReference; fileEncoding = 4; lastKnownFileType = sourcecode.swift; path = Protocols.swift; sourceTree = "<group>"; };
		FFF44A312A92A85500069C06 /* PhotoEditor+Controls.swift */ = {isa = PBXFileReference; fileEncoding = 4; lastKnownFileType = sourcecode.swift; path = "PhotoEditor+Controls.swift"; sourceTree = "<group>"; };
		FFF44A322A92A85500069C06 /* PhotoEditorViewController.xib */ = {isa = PBXFileReference; fileEncoding = 4; lastKnownFileType = file.xib; path = PhotoEditorViewController.xib; sourceTree = "<group>"; };
		FFF44A332A92A85500069C06 /* PhotoEditor+UITextView.swift */ = {isa = PBXFileReference; fileEncoding = 4; lastKnownFileType = sourcecode.swift; path = "PhotoEditor+UITextView.swift"; sourceTree = "<group>"; };
		FFF44A352A92A85500069C06 /* PhotoEditorViewController.swift */ = {isa = PBXFileReference; fileEncoding = 4; lastKnownFileType = sourcecode.swift; path = PhotoEditorViewController.swift; sourceTree = "<group>"; };
		FFF44A402A92A85C00069C06 /* UploadImageViewController.xib */ = {isa = PBXFileReference; fileEncoding = 4; lastKnownFileType = file.xib; path = UploadImageViewController.xib; sourceTree = "<group>"; };
		FFF44A412A92A85C00069C06 /* UploadImageViewController.swift */ = {isa = PBXFileReference; fileEncoding = 4; lastKnownFileType = sourcecode.swift; path = UploadImageViewController.swift; sourceTree = "<group>"; };
		FFF44A452A92B80F00069C06 /* HomeModels.swift */ = {isa = PBXFileReference; lastKnownFileType = sourcecode.swift; path = HomeModels.swift; sourceTree = "<group>"; };
		FFF44A472A92B86B00069C06 /* UIIMage+Extension.swift */ = {isa = PBXFileReference; lastKnownFileType = sourcecode.swift; path = "UIIMage+Extension.swift"; sourceTree = "<group>"; };
/* End PBXFileReference section */

/* Begin PBXFrameworksBuildPhase section */
		FFF4486D2A90379900069C06 /* Frameworks */ = {
			isa = PBXFrameworksBuildPhase;
			buildActionMask = 2147483647;
			files = (
			);
			runOnlyForDeploymentPostprocessing = 0;
		};
/* End PBXFrameworksBuildPhase section */

/* Begin PBXGroup section */
		FFF448672A90379900069C06 = {
			isa = PBXGroup;
			children = (
				FFF448722A90379900069C06 /* MyZestyTask */,
				FFF448712A90379900069C06 /* Products */,
			);
			sourceTree = "<group>";
		};
		FFF448712A90379900069C06 /* Products */ = {
			isa = PBXGroup;
			children = (
				FFF448702A90379900069C06 /* MyZestyTask.app */,
			);
			name = Products;
			sourceTree = "<group>";
		};
		FFF448722A90379900069C06 /* MyZestyTask */ = {
			isa = PBXGroup;
			children = (
				FFF44A272A92A4C100069C06 /* 33.jpg */,
				FFF448A52A90FA3400069C06 /* Extensions */,
				FFF44A042A92A48800069C06 /* FirstTask */,
				FFF44A292A92A7DD00069C06 /* SecondTask */,
				FFF448872A9037CD00069C06 /* Home */,
				FFF448732A90379900069C06 /* AppDelegate.swift */,
				FFF4487C2A90379C00069C06 /* Assets.xcassets */,
				FFF4487E2A90379C00069C06 /* LaunchScreen.storyboard */,
				FFF448812A90379C00069C06 /* Info.plist */,
				FFF448952A903A7F00069C06 /* kernal.metal */,
			);
			path = MyZestyTask;
			sourceTree = "<group>";
		};
		FFF448872A9037CD00069C06 /* Home */ = {
			isa = PBXGroup;
			children = (
				FFF44A442A92B80300069C06 /* Model */,
				FFF4488D2A90383000069C06 /* Adapter */,
				FFF4488C2A90380000069C06 /* View */,
			);
			path = Home;
			sourceTree = "<group>";
		};
		FFF4488C2A90380000069C06 /* View */ = {
			isa = PBXGroup;
			children = (
				FFF448882A9037F500069C06 /* HomeViewController.swift */,
				FFF448892A9037F500069C06 /* HomeViewController.xib */,
			);
			path = View;
			sourceTree = "<group>";
		};
		FFF4488D2A90383000069C06 /* Adapter */ = {
			isa = PBXGroup;
			children = (
				FFF448B82A910FC300069C06 /* HomeTableViewCell.swift */,
				FFF448B92A910FC300069C06 /* HomeTableViewCell.xib */,
			);
			path = Adapter;
			sourceTree = "<group>";
		};
		FFF448A52A90FA3400069C06 /* Extensions */ = {
			isa = PBXGroup;
			children = (
				FFF448A62A90FA4300069C06 /* UIVIew+Extension.swift */,
				FFF44A472A92B86B00069C06 /* UIIMage+Extension.swift */,
			);
			path = Extensions;
			sourceTree = "<group>";
		};
		FFF44A042A92A48800069C06 /* FirstTask */ = {
			isa = PBXGroup;
			children = (
				FFF44A052A92A48800069C06 /* ViewModel */,
				FFF44A072A92A48800069C06 /* Adapter */,
				FFF44A0A2A92A48800069C06 /* Model */,
				FFF44A142A92A48800069C06 /* View */,
				FFF44A172A92A48800069C06 /* CustomFilter */,
			);
			path = FirstTask;
			sourceTree = "<group>";
		};
		FFF44A052A92A48800069C06 /* ViewModel */ = {
			isa = PBXGroup;
			children = (
				FFF44A062A92A48800069C06 /* FirstTaskViewModel.swift */,
			);
			path = ViewModel;
			sourceTree = "<group>";
		};
		FFF44A072A92A48800069C06 /* Adapter */ = {
			isa = PBXGroup;
			children = (
				FFF44A082A92A48800069C06 /* FilterCollectionViewCell.swift */,
				FFF44A092A92A48800069C06 /* FilterCollectionViewCell.xib */,
			);
			path = Adapter;
			sourceTree = "<group>";
		};
		FFF44A0A2A92A48800069C06 /* Model */ = {
			isa = PBXGroup;
			children = (
				FFF44A0B2A92A48800069C06 /* Filters */,
				FFF44A122A92A48800069C06 /* StrategyPattern.swift */,
				FFF44A132A92A48800069C06 /* FiltersModel.swift */,
			);
			path = Model;
			sourceTree = "<group>";
		};
		FFF44A0B2A92A48800069C06 /* Filters */ = {
			isa = PBXGroup;
			children = (
				FFF44A0C2A92A48800069C06 /* CustomFilter.swift */,
				FFF44A0D2A92A48800069C06 /* GoldFilter.swift */,
				FFF44A0E2A92A48800069C06 /* CharFilter.swift */,
				FFF44A0F2A92A48800069C06 /* DawnFilter.swift */,
				FFF44A102A92A48800069C06 /* WiilowFilter.swift */,
				FFF44A112A92A48800069C06 /* AmaroFilter.swift */,
			);
			path = Filters;
			sourceTree = "<group>";
		};
		FFF44A142A92A48800069C06 /* View */ = {
			isa = PBXGroup;
			children = (
				FFF44A152A92A48800069C06 /* FirstTaskViewController.xib */,
				FFF44A162A92A48800069C06 /* FirstTaskViewController.swift */,
			);
			path = View;
			sourceTree = "<group>";
		};
		FFF44A172A92A48800069C06 /* CustomFilter */ = {
			isa = PBXGroup;
			children = (
				FFF44A182A92A48800069C06 /* CustomCIFilter.swift */,
			);
			path = CustomFilter;
			sourceTree = "<group>";
		};
		FFF44A292A92A7DD00069C06 /* SecondTask */ = {
			isa = PBXGroup;
			children = (
				FFF44A3F2A92A85C00069C06 /* UploadImage */,
				FFF44A2A2A92A85500069C06 /* PictureEditior */,
			);
			path = SecondTask;
			sourceTree = "<group>";
		};
		FFF44A2A2A92A85500069C06 /* PictureEditior */ = {
			isa = PBXGroup;
			children = (
				FFF44A2F2A92A85500069C06 /* Protocols.swift */,
				FFF44A2B2A92A85500069C06 /* Adapter */,
				FFF44A302A92A85500069C06 /* View */,
			);
			path = PictureEditior;
			sourceTree = "<group>";
		};
		FFF44A2B2A92A85500069C06 /* Adapter */ = {
			isa = PBXGroup;
			children = (
				FFF44A2C2A92A85500069C06 /* ColorsCollectionViewDelegate.swift */,
				FFF44A2D2A92A85500069C06 /* ColorCollectionViewCell.xib */,
				FFF44A2E2A92A85500069C06 /* ColorCollectionViewCell.swift */,
			);
			path = Adapter;
			sourceTree = "<group>";
		};
		FFF44A302A92A85500069C06 /* View */ = {
			isa = PBXGroup;
			children = (
				FFF44A312A92A85500069C06 /* PhotoEditor+Controls.swift */,
				FFF44A322A92A85500069C06 /* PhotoEditorViewController.xib */,
				FFF44A332A92A85500069C06 /* PhotoEditor+UITextView.swift */,
				FFF44A352A92A85500069C06 /* PhotoEditorViewController.swift */,
			);
			path = View;
			sourceTree = "<group>";
		};
		FFF44A3F2A92A85C00069C06 /* UploadImage */ = {
			isa = PBXGroup;
			children = (
				FFF44A402A92A85C00069C06 /* UploadImageViewController.xib */,
				FFF44A412A92A85C00069C06 /* UploadImageViewController.swift */,
			);
			path = UploadImage;
			sourceTree = "<group>";
		};
		FFF44A442A92B80300069C06 /* Model */ = {
			isa = PBXGroup;
			children = (
				FFF44A452A92B80F00069C06 /* HomeModels.swift */,
			);
			path = Model;
			sourceTree = "<group>";
		};
/* End PBXGroup section */

/* Begin PBXNativeTarget section */
		FFF4486F2A90379900069C06 /* MyZestyTask */ = {
			isa = PBXNativeTarget;
			buildConfigurationList = FFF448842A90379C00069C06 /* Build configuration list for PBXNativeTarget "MyZestyTask" */;
			buildPhases = (
				FFF4486C2A90379900069C06 /* Sources */,
				FFF4486D2A90379900069C06 /* Frameworks */,
				FFF4486E2A90379900069C06 /* Resources */,
			);
			buildRules = (
			);
			dependencies = (
			);
			name = MyZestyTask;
			productName = MyZestyTask;
			productReference = FFF448702A90379900069C06 /* MyZestyTask.app */;
			productType = "com.apple.product-type.application";
		};
/* End PBXNativeTarget section */

/* Begin PBXProject section */
		FFF448682A90379900069C06 /* Project object */ = {
			isa = PBXProject;
			attributes = {
				BuildIndependentTargetsInParallel = 1;
				LastSwiftUpdateCheck = 1430;
				LastUpgradeCheck = 1430;
				TargetAttributes = {
					FFF4486F2A90379900069C06 = {
						CreatedOnToolsVersion = 14.3;
					};
				};
			};
			buildConfigurationList = FFF4486B2A90379900069C06 /* Build configuration list for PBXProject "MyZestyTask" */;
			compatibilityVersion = "Xcode 14.0";
			developmentRegion = en;
			hasScannedForEncodings = 0;
			knownRegions = (
				en,
				Base,
			);
			mainGroup = FFF448672A90379900069C06;
			productRefGroup = FFF448712A90379900069C06 /* Products */;
			projectDirPath = "";
			projectRoot = "";
			targets = (
				FFF4486F2A90379900069C06 /* MyZestyTask */,
			);
		};
/* End PBXProject section */

/* Begin PBXResourcesBuildPhase section */
		FFF4486E2A90379900069C06 /* Resources */ = {
			isa = PBXResourcesBuildPhase;
			buildActionMask = 2147483647;
			files = (
				FFF448802A90379C00069C06 /* LaunchScreen.storyboard in Resources */,
				FFF44A1B2A92A48800069C06 /* FilterCollectionViewCell.xib in Resources */,
				FFF44A3B2A92A85500069C06 /* PhotoEditorViewController.xib in Resources */,
				FFF44A372A92A85500069C06 /* ColorCollectionViewCell.xib in Resources */,
				FFF44A242A92A48800069C06 /* FirstTaskViewController.xib in Resources */,
				FFF4487D2A90379C00069C06 /* Assets.xcassets in Resources */,
				FFF44A282A92A4C100069C06 /* 33.jpg in Resources */,
				FFF448BB2A910FC300069C06 /* HomeTableViewCell.xib in Resources */,
				FFF4488B2A9037F500069C06 /* HomeViewController.xib in Resources */,
				FFF44A422A92A85C00069C06 /* UploadImageViewController.xib in Resources */,
			);
			runOnlyForDeploymentPostprocessing = 0;
		};
/* End PBXResourcesBuildPhase section */

/* Begin PBXSourcesBuildPhase section */
		FFF4486C2A90379900069C06 /* Sources */ = {
			isa = PBXSourcesBuildPhase;
			buildActionMask = 2147483647;
			files = (
				FFF44A3A2A92A85500069C06 /* PhotoEditor+Controls.swift in Sources */,
				FFF44A262A92A48800069C06 /* CustomCIFilter.swift in Sources */,
				FFF44A432A92A85C00069C06 /* UploadImageViewController.swift in Sources */,
				FFF44A3E2A92A85500069C06 /* PhotoEditorViewController.swift in Sources */,
				FFF44A192A92A48800069C06 /* FirstTaskViewModel.swift in Sources */,
				FFF44A482A92B86B00069C06 /* UIIMage+Extension.swift in Sources */,
				FFF44A1F2A92A48800069C06 /* DawnFilter.swift in Sources */,
				FFF44A252A92A48800069C06 /* FirstTaskViewController.swift in Sources */,
				FFF44A202A92A48800069C06 /* WiilowFilter.swift in Sources */,
				FFF44A222A92A48800069C06 /* StrategyPattern.swift in Sources */,
				FFF448742A90379900069C06 /* AppDelegate.swift in Sources */,
				FFF44A362A92A85500069C06 /* ColorsCollectionViewDelegate.swift in Sources */,
				FFF448962A903A7F00069C06 /* kernal.metal in Sources */,
				FFF44A232A92A48800069C06 /* FiltersModel.swift in Sources */,
				FFF4488A2A9037F500069C06 /* HomeViewController.swift in Sources */,
				FFF448A72A90FA4300069C06 /* UIVIew+Extension.swift in Sources */,
				FFF44A382A92A85500069C06 /* ColorCollectionViewCell.swift in Sources */,
				FFF448BA2A910FC300069C06 /* HomeTableViewCell.swift in Sources */,
				FFF44A1C2A92A48800069C06 /* CustomFilter.swift in Sources */,
				FFF44A392A92A85500069C06 /* Protocols.swift in Sources */,
				FFF44A3C2A92A85500069C06 /* PhotoEditor+UITextView.swift in Sources */,
				FFF44A462A92B80F00069C06 /* HomeModels.swift in Sources */,
				FFF44A212A92A48800069C06 /* AmaroFilter.swift in Sources */,
				FFF44A1E2A92A48800069C06 /* CharFilter.swift in Sources */,
				FFF44A1D2A92A48800069C06 /* GoldFilter.swift in Sources */,
				FFF44A1A2A92A48800069C06 /* FilterCollectionViewCell.swift in Sources */,
			);
			runOnlyForDeploymentPostprocessing = 0;
		};
/* End PBXSourcesBuildPhase section */

/* Begin PBXVariantGroup section */
		FFF4487E2A90379C00069C06 /* LaunchScreen.storyboard */ = {
			isa = PBXVariantGroup;
			children = (
				FFF4487F2A90379C00069C06 /* Base */,
			);
			name = LaunchScreen.storyboard;
			sourceTree = "<group>";
		};
/* End PBXVariantGroup section */

/* Begin XCBuildConfiguration section */
		FFF448822A90379C00069C06 /* Debug */ = {
			isa = XCBuildConfiguration;
			buildSettings = {
				ALWAYS_SEARCH_USER_PATHS = NO;
				CLANG_ANALYZER_NONNULL = YES;
				CLANG_ANALYZER_NUMBER_OBJECT_CONVERSION = YES_AGGRESSIVE;
				CLANG_CXX_LANGUAGE_STANDARD = "gnu++20";
				CLANG_ENABLE_MODULES = YES;
				CLANG_ENABLE_OBJC_ARC = YES;
				CLANG_ENABLE_OBJC_WEAK = YES;
				CLANG_WARN_BLOCK_CAPTURE_AUTORELEASING = YES;
				CLANG_WARN_BOOL_CONVERSION = YES;
				CLANG_WARN_COMMA = YES;
				CLANG_WARN_CONSTANT_CONVERSION = YES;
				CLANG_WARN_DEPRECATED_OBJC_IMPLEMENTATIONS = YES;
				CLANG_WARN_DIRECT_OBJC_ISA_USAGE = YES_ERROR;
				CLANG_WARN_DOCUMENTATION_COMMENTS = YES;
				CLANG_WARN_EMPTY_BODY = YES;
				CLANG_WARN_ENUM_CONVERSION = YES;
				CLANG_WARN_INFINITE_RECURSION = YES;
				CLANG_WARN_INT_CONVERSION = YES;
				CLANG_WARN_NON_LITERAL_NULL_CONVERSION = YES;
				CLANG_WARN_OBJC_IMPLICIT_RETAIN_SELF = YES;
				CLANG_WARN_OBJC_LITERAL_CONVERSION = YES;
				CLANG_WARN_OBJC_ROOT_CLASS = YES_ERROR;
				CLANG_WARN_QUOTED_INCLUDE_IN_FRAMEWORK_HEADER = YES;
				CLANG_WARN_RANGE_LOOP_ANALYSIS = YES;
				CLANG_WARN_STRICT_PROTOTYPES = YES;
				CLANG_WARN_SUSPICIOUS_MOVE = YES;
				CLANG_WARN_UNGUARDED_AVAILABILITY = YES_AGGRESSIVE;
				CLANG_WARN_UNREACHABLE_CODE = YES;
				CLANG_WARN__DUPLICATE_METHOD_MATCH = YES;
				COPY_PHASE_STRIP = NO;
				DEBUG_INFORMATION_FORMAT = dwarf;
				ENABLE_STRICT_OBJC_MSGSEND = YES;
				ENABLE_TESTABILITY = YES;
				GCC_C_LANGUAGE_STANDARD = gnu11;
				GCC_DYNAMIC_NO_PIC = NO;
				GCC_NO_COMMON_BLOCKS = YES;
				GCC_OPTIMIZATION_LEVEL = 0;
				GCC_PREPROCESSOR_DEFINITIONS = (
					"DEBUG=1",
					"$(inherited)",
				);
				GCC_WARN_64_TO_32_BIT_CONVERSION = YES;
				GCC_WARN_ABOUT_RETURN_TYPE = YES_ERROR;
				GCC_WARN_UNDECLARED_SELECTOR = YES;
				GCC_WARN_UNINITIALIZED_AUTOS = YES_AGGRESSIVE;
				GCC_WARN_UNUSED_FUNCTION = YES;
				GCC_WARN_UNUSED_VARIABLE = YES;
				IPHONEOS_DEPLOYMENT_TARGET = 16.4;
				MTL_ENABLE_DEBUG_INFO = INCLUDE_SOURCE;
				MTL_FAST_MATH = YES;
				ONLY_ACTIVE_ARCH = YES;
				SDKROOT = iphoneos;
				SWIFT_ACTIVE_COMPILATION_CONDITIONS = DEBUG;
				SWIFT_OPTIMIZATION_LEVEL = "-Onone";
			};
			name = Debug;
		};
		FFF448832A90379C00069C06 /* Release */ = {
			isa = XCBuildConfiguration;
			buildSettings = {
				ALWAYS_SEARCH_USER_PATHS = NO;
				CLANG_ANALYZER_NONNULL = YES;
				CLANG_ANALYZER_NUMBER_OBJECT_CONVERSION = YES_AGGRESSIVE;
				CLANG_CXX_LANGUAGE_STANDARD = "gnu++20";
				CLANG_ENABLE_MODULES = YES;
				CLANG_ENABLE_OBJC_ARC = YES;
				CLANG_ENABLE_OBJC_WEAK = YES;
				CLANG_WARN_BLOCK_CAPTURE_AUTORELEASING = YES;
				CLANG_WARN_BOOL_CONVERSION = YES;
				CLANG_WARN_COMMA = YES;
				CLANG_WARN_CONSTANT_CONVERSION = YES;
				CLANG_WARN_DEPRECATED_OBJC_IMPLEMENTATIONS = YES;
				CLANG_WARN_DIRECT_OBJC_ISA_USAGE = YES_ERROR;
				CLANG_WARN_DOCUMENTATION_COMMENTS = YES;
				CLANG_WARN_EMPTY_BODY = YES;
				CLANG_WARN_ENUM_CONVERSION = YES;
				CLANG_WARN_INFINITE_RECURSION = YES;
				CLANG_WARN_INT_CONVERSION = YES;
				CLANG_WARN_NON_LITERAL_NULL_CONVERSION = YES;
				CLANG_WARN_OBJC_IMPLICIT_RETAIN_SELF = YES;
				CLANG_WARN_OBJC_LITERAL_CONVERSION = YES;
				CLANG_WARN_OBJC_ROOT_CLASS = YES_ERROR;
				CLANG_WARN_QUOTED_INCLUDE_IN_FRAMEWORK_HEADER = YES;
				CLANG_WARN_RANGE_LOOP_ANALYSIS = YES;
				CLANG_WARN_STRICT_PROTOTYPES = YES;
				CLANG_WARN_SUSPICIOUS_MOVE = YES;
				CLANG_WARN_UNGUARDED_AVAILABILITY = YES_AGGRESSIVE;
				CLANG_WARN_UNREACHABLE_CODE = YES;
				CLANG_WARN__DUPLICATE_METHOD_MATCH = YES;
				COPY_PHASE_STRIP = NO;
				DEBUG_INFORMATION_FORMAT = "dwarf-with-dsym";
				ENABLE_NS_ASSERTIONS = NO;
				ENABLE_STRICT_OBJC_MSGSEND = YES;
				GCC_C_LANGUAGE_STANDARD = gnu11;
				GCC_NO_COMMON_BLOCKS = YES;
				GCC_WARN_64_TO_32_BIT_CONVERSION = YES;
				GCC_WARN_ABOUT_RETURN_TYPE = YES_ERROR;
				GCC_WARN_UNDECLARED_SELECTOR = YES;
				GCC_WARN_UNINITIALIZED_AUTOS = YES_AGGRESSIVE;
				GCC_WARN_UNUSED_FUNCTION = YES;
				GCC_WARN_UNUSED_VARIABLE = YES;
				IPHONEOS_DEPLOYMENT_TARGET = 16.4;
				MTL_ENABLE_DEBUG_INFO = NO;
				MTL_FAST_MATH = YES;
				SDKROOT = iphoneos;
				SWIFT_COMPILATION_MODE = wholemodule;
				SWIFT_OPTIMIZATION_LEVEL = "-O";
				VALIDATE_PRODUCT = YES;
			};
			name = Release;
		};
		FFF448852A90379C00069C06 /* Debug */ = {
			isa = XCBuildConfiguration;
			buildSettings = {
				ASSETCATALOG_COMPILER_APPICON_NAME = AppIcon;
				ASSETCATALOG_COMPILER_GLOBAL_ACCENT_COLOR_NAME = AccentColor;
				CODE_SIGN_STYLE = Automatic;
				CURRENT_PROJECT_VERSION = 1;
				DEVELOPMENT_TEAM = Z5W9MX2B58;
				GENERATE_INFOPLIST_FILE = YES;
				INFOPLIST_FILE = MyZestyTask/Info.plist;
				INFOPLIST_KEY_UIApplicationSupportsIndirectInputEvents = YES;
				INFOPLIST_KEY_UILaunchStoryboardName = LaunchScreen.storyboard;
				INFOPLIST_KEY_UISupportedInterfaceOrientations = UIInterfaceOrientationPortrait;
				LD_RUNPATH_SEARCH_PATHS = (
					"$(inherited)",
					"@executable_path/Frameworks",
				);
				MARKETING_VERSION = 1.0;
				MTLLINKER_FLAGS = "-fcikernel";
				MTL_COMPILER_FLAGS = "-fcikernel";
				PRODUCT_BUNDLE_IDENTIFIER = sharaf.MyZestyTask;
				PRODUCT_NAME = "$(TARGET_NAME)";
				SWIFT_EMIT_LOC_STRINGS = YES;
				SWIFT_VERSION = 5.0;
				TARGETED_DEVICE_FAMILY = "1,2";
			};
			name = Debug;
		};
		FFF448862A90379C00069C06 /* Release */ = {
			isa = XCBuildConfiguration;
			buildSettings = {
				ASSETCATALOG_COMPILER_APPICON_NAME = AppIcon;
				ASSETCATALOG_COMPILER_GLOBAL_ACCENT_COLOR_NAME = AccentColor;
				CODE_SIGN_STYLE = Automatic;
				CURRENT_PROJECT_VERSION = 1;
				DEVELOPMENT_TEAM = Z5W9MX2B58;
				GENERATE_INFOPLIST_FILE = YES;
				INFOPLIST_FILE = MyZestyTask/Info.plist;
				INFOPLIST_KEY_UIApplicationSupportsIndirectInputEvents = YES;
				INFOPLIST_KEY_UILaunchStoryboardName = LaunchScreen.storyboard;
				INFOPLIST_KEY_UISupportedInterfaceOrientations = UIInterfaceOrientationPortrait;
				LD_RUNPATH_SEARCH_PATHS = (
					"$(inherited)",
					"@executable_path/Frameworks",
				);
				MARKETING_VERSION = 1.0;
				MTLLINKER_FLAGS = "-fcikernel";
				MTL_COMPILER_FLAGS = "-fcikernel";
				PRODUCT_BUNDLE_IDENTIFIER = sharaf.MyZestyTask;
				PRODUCT_NAME = "$(TARGET_NAME)";
				SWIFT_EMIT_LOC_STRINGS = YES;
				SWIFT_VERSION = 5.0;
				TARGETED_DEVICE_FAMILY = "1,2";
			};
			name = Release;
		};
/* End XCBuildConfiguration section */

/* Begin XCConfigurationList section */
		FFF4486B2A90379900069C06 /* Build configuration list for PBXProject "MyZestyTask" */ = {
			isa = XCConfigurationList;
			buildConfigurations = (
				FFF448822A90379C00069C06 /* Debug */,
				FFF448832A90379C00069C06 /* Release */,
			);
			defaultConfigurationIsVisible = 0;
			defaultConfigurationName = Release;
		};
		FFF448842A90379C00069C06 /* Build configuration list for PBXNativeTarget "MyZestyTask" */ = {
			isa = XCConfigurationList;
			buildConfigurations = (
				FFF448852A90379C00069C06 /* Debug */,
				FFF448862A90379C00069C06 /* Release */,
			);
			defaultConfigurationIsVisible = 0;
			defaultConfigurationName = Release;
		};
/* End XCConfigurationList section */
	};
	rootObject = FFF448682A90379900069C06 /* Project object */;
}
